
Microsoft Visual Studio Solution File, Format Version 12.00
# Visual Studio Version 17
VisualStudioVersion = 17.4.33213.308
MinimumVisualStudioVersion = 10.0.40219.1
Project("{FAE04EC0-301F-11D3-BF4B-00C04F79EFBC}") = "get-selector-api", "get-selector-api.csproj", "{E3FB92E0-C6B8-42D9-8F23-31AAE684B937}"
EndProject
Global
	GlobalSection(SolutionConfigurationPlatforms) = preSolution
		Debug|Any CPU = Debug|Any CPU
		Release|Any CPU = Release|Any CPU
	EndGlobalSection
	GlobalSection(ProjectConfigurationPlatforms) = postSolution
		{E3FB92E0-C6B8-42D9-8F23-31AAE684B937}.Debug|Any CPU.ActiveCfg = Debug|Any CPU
		{E3FB92E0-C6B8-42D9-8F23-31AAE684B937}.Debug|Any CPU.Build.0 = Debug|Any CPU
		{E3FB92E0-C6B8-42D9-8F23-31AAE684B937}.Release|Any CPU.ActiveCfg = Release|Any CPU
		{E3FB92E0-C6B8-42D9-8F23-31AAE684B937}.Release|Any CPU.Build.0 = Release|Any CPU
	EndGlobalSection
	GlobalSection(SolutionProperties) = preSolution
		HideSolutionNode = FALSE
	EndGlobalSection
	GlobalSection(ExtensibilityGlobals) = postSolution
		SolutionGuid = {0C6E856B-3B04-4BC8-83C5-98EE41D0B18B}
	EndGlobalSection
EndGlobal
