
Microsoft Visual Studio Solution File, Format Version 12.00
# Visual Studio Version 17
VisualStudioVersion = 17.4.33213.308
MinimumVisualStudioVersion = 10.0.40219.1
Project("{FAE04EC0-301F-11D3-BF4B-00C04F79EFBC}") = "get-selector-app", "get-selector-app.csproj", "{7D1BEBA4-890F-4566-A466-B7DA76EBFCA1}"
EndProject
Global
	GlobalSection(SolutionConfigurationPlatforms) = preSolution
		Debug|Any CPU = Debug|Any CPU
		Release|Any CPU = Release|Any CPU
	EndGlobalSection
	GlobalSection(ProjectConfigurationPlatforms) = postSolution
		{7D1BEBA4-890F-4566-A466-B7DA76EBFCA1}.Debug|Any CPU.ActiveCfg = Debug|Any CPU
		{7D1BEBA4-890F-4566-A466-B7DA76EBFCA1}.Debug|Any CPU.Build.0 = Debug|Any CPU
		{7D1BEBA4-890F-4566-A466-B7DA76EBFCA1}.Release|Any CPU.ActiveCfg = Release|Any CPU
		{7D1BEBA4-890F-4566-A466-B7DA76EBFCA1}.Release|Any CPU.Build.0 = Release|Any CPU
	EndGlobalSection
	GlobalSection(SolutionProperties) = preSolution
		HideSolutionNode = FALSE
	EndGlobalSection
	GlobalSection(ExtensibilityGlobals) = postSolution
		SolutionGuid = {6A44F7A0-938E-4A64-8B22-4D9913068179}
	EndGlobalSection
EndGlobal
